
Microsoft Visual Studio Solution File, Format Version 12.00
# Visual Studio Version 17
VisualStudioVersion = 17.1.32421.90
MinimumVisualStudioVersion = 10.0.40219.1
Project("{8BC9CEB8-8B4A-11D0-8D11-00A0C91BC942}") = "CoCarDLL", "CoCarDLL\CoCarDLL.vcxproj", "{A97E8902-75C5-4BFD-8FD2-5978D002E759}"
EndProject
Project("{8BC9CEB8-8B4A-11D0-8D11-00A0C91BC942}") = "CoCarClient", "CoCarClient\CoCarClient.vcxproj", "{AC6F1A9D-D20B-4251-BF95-F6357A4B3511}"
EndProject
Project("{FAE04EC0-301F-11D3-BF4B-00C04F79EFBC}") = "CoCarClient2", "CoCarClient2\CoCarClient2.csproj", "{22240473-D4FF-47C4-888D-4CD2BBD36C64}"
EndProject
Global
	GlobalSection(SolutionConfigurationPlatforms) = preSolution
		Debug|Any CPU = Debug|Any CPU
		Debug|x64 = Debug|x64
		Debug|x86 = Debug|x86
		Release|Any CPU = Release|Any CPU
		Release|x64 = Release|x64
		Release|x86 = Release|x86
	EndGlobalSection
	GlobalSection(ProjectConfigurationPlatforms) = postSolution
		{A97E8902-75C5-4BFD-8FD2-5978D002E759}.Debug|Any CPU.ActiveCfg = Debug|x64
		{A97E8902-75C5-4BFD-8FD2-5978D002E759}.Debug|Any CPU.Build.0 = Debug|x64
		{A97E8902-75C5-4BFD-8FD2-5978D002E759}.Debug|x64.ActiveCfg = Debug|x64
		{A97E8902-75C5-4BFD-8FD2-5978D002E759}.Debug|x64.Build.0 = Debug|x64
		{A97E8902-75C5-4BFD-8FD2-5978D002E759}.Debug|x86.ActiveCfg = Debug|Win32
		{A97E8902-75C5-4BFD-8FD2-5978D002E759}.Debug|x86.Build.0 = Debug|Win32
		{A97E8902-75C5-4BFD-8FD2-5978D002E759}.Release|Any CPU.ActiveCfg = Release|x64
		{A97E8902-75C5-4BFD-8FD2-5978D002E759}.Release|Any CPU.Build.0 = Release|x64
		{A97E8902-75C5-4BFD-8FD2-5978D002E759}.Release|x64.ActiveCfg = Release|x64
		{A97E8902-75C5-4BFD-8FD2-5978D002E759}.Release|x64.Build.0 = Release|x64
		{A97E8902-75C5-4BFD-8FD2-5978D002E759}.Release|x86.ActiveCfg = Release|Win32
		{A97E8902-75C5-4BFD-8FD2-5978D002E759}.Release|x86.Build.0 = Release|Win32
		{AC6F1A9D-D20B-4251-BF95-F6357A4B3511}.Debug|Any CPU.ActiveCfg = Debug|x64
		{AC6F1A9D-D20B-4251-BF95-F6357A4B3511}.Debug|Any CPU.Build.0 = Debug|x64
		{AC6F1A9D-D20B-4251-BF95-F6357A4B3511}.Debug|x64.ActiveCfg = Debug|x64
		{AC6F1A9D-D20B-4251-BF95-F6357A4B3511}.Debug|x64.Build.0 = Debug|x64
		{AC6F1A9D-D20B-4251-BF95-F6357A4B3511}.Debug|x86.ActiveCfg = Debug|Win32
		{AC6F1A9D-D20B-4251-BF95-F6357A4B3511}.Debug|x86.Build.0 = Debug|Win32
		{AC6F1A9D-D20B-4251-BF95-F6357A4B3511}.Release|Any CPU.ActiveCfg = Release|x64
		{AC6F1A9D-D20B-4251-BF95-F6357A4B3511}.Release|Any CPU.Build.0 = Release|x64
		{AC6F1A9D-D20B-4251-BF95-F6357A4B3511}.Release|x64.ActiveCfg = Release|x64
		{AC6F1A9D-D20B-4251-BF95-F6357A4B3511}.Release|x64.Build.0 = Release|x64
		{AC6F1A9D-D20B-4251-BF95-F6357A4B3511}.Release|x86.ActiveCfg = Release|Win32
		{AC6F1A9D-D20B-4251-BF95-F6357A4B3511}.Release|x86.Build.0 = Release|Win32
		{22240473-D4FF-47C4-888D-4CD2BBD36C64}.Debug|Any CPU.ActiveCfg = Debug|Any CPU
		{22240473-D4FF-47C4-888D-4CD2BBD36C64}.Debug|Any CPU.Build.0 = Debug|Any CPU
		{22240473-D4FF-47C4-888D-4CD2BBD36C64}.Debug|x64.ActiveCfg = Debug|Any CPU
		{22240473-D4FF-47C4-888D-4CD2BBD36C64}.Debug|x64.Build.0 = Debug|Any CPU
		{22240473-D4FF-47C4-888D-4CD2BBD36C64}.Debug|x86.ActiveCfg = Debug|Any CPU
		{22240473-D4FF-47C4-888D-4CD2BBD36C64}.Debug|x86.Build.0 = Debug|Any CPU
		{22240473-D4FF-47C4-888D-4CD2BBD36C64}.Release|Any CPU.ActiveCfg = Release|Any CPU
		{22240473-D4FF-47C4-888D-4CD2BBD36C64}.Release|Any CPU.Build.0 = Release|Any CPU
		{22240473-D4FF-47C4-888D-4CD2BBD36C64}.Release|x64.ActiveCfg = Release|Any CPU
		{22240473-D4FF-47C4-888D-4CD2BBD36C64}.Release|x64.Build.0 = Release|Any CPU
		{22240473-D4FF-47C4-888D-4CD2BBD36C64}.Release|x86.ActiveCfg = Release|Any CPU
		{22240473-D4FF-47C4-888D-4CD2BBD36C64}.Release|x86.Build.0 = Release|Any CPU
	EndGlobalSection
	GlobalSection(SolutionProperties) = preSolution
		HideSolutionNode = FALSE
	EndGlobalSection
	GlobalSection(ExtensibilityGlobals) = postSolution
		SolutionGuid = {B818D4D9-BECD-4617-873B-41B4DB9EDD50}
	EndGlobalSection
EndGlobal
