
Microsoft Visual Studio Solution File, Format Version 12.00
# Visual Studio Version 17
VisualStudioVersion = 17.1.32421.90
MinimumVisualStudioVersion = 10.0.40219.1
Project("{FAE04EC0-301F-11D3-BF4B-00C04F79EFBC}") = "FormsAppPoints", "FormsAppPoints\FormsAppPoints.csproj", "{9ED7E217-B8CC-4C28-95EC-BC00BB6B07D5}"
EndProject
Project("{FAE04EC0-301F-11D3-BF4B-00C04F79EFBC}") = "PointLib", "PointLib\PointLib.csproj", "{B1B1BF18-A640-4054-A7DF-81691A940BFB}"
EndProject
Global
	GlobalSection(SolutionConfigurationPlatforms) = preSolution
		Debug|Any CPU = Debug|Any CPU
		Release|Any CPU = Release|Any CPU
	EndGlobalSection
	GlobalSection(ProjectConfigurationPlatforms) = postSolution
		{9ED7E217-B8CC-4C28-95EC-BC00BB6B07D5}.Debug|Any CPU.ActiveCfg = Debug|Any CPU
		{9ED7E217-B8CC-4C28-95EC-BC00BB6B07D5}.Debug|Any CPU.Build.0 = Debug|Any CPU
		{9ED7E217-B8CC-4C28-95EC-BC00BB6B07D5}.Release|Any CPU.ActiveCfg = Release|Any CPU
		{9ED7E217-B8CC-4C28-95EC-BC00BB6B07D5}.Release|Any CPU.Build.0 = Release|Any CPU
		{B1B1BF18-A640-4054-A7DF-81691A940BFB}.Debug|Any CPU.ActiveCfg = Debug|Any CPU
		{B1B1BF18-A640-4054-A7DF-81691A940BFB}.Debug|Any CPU.Build.0 = Debug|Any CPU
		{B1B1BF18-A640-4054-A7DF-81691A940BFB}.Release|Any CPU.ActiveCfg = Release|Any CPU
		{B1B1BF18-A640-4054-A7DF-81691A940BFB}.Release|Any CPU.Build.0 = Release|Any CPU
	EndGlobalSection
	GlobalSection(SolutionProperties) = preSolution
		HideSolutionNode = FALSE
	EndGlobalSection
	GlobalSection(ExtensibilityGlobals) = postSolution
		SolutionGuid = {4C73FE1B-D44E-4A5A-8929-6B305FF07699}
	EndGlobalSection
EndGlobal
